// !$*UTF8*$!
{
	archiveVersion = 1;
	classes = {
	};
	objectVersion = 56;
	objects = {

/* Begin PBXBuildFile section */
		417200032A3B238400EBA9CC /* AppDelegate.swift in Sources */ = {isa = PBXBuildFile; fileRef = 417200022A3B238400EBA9CC /* AppDelegate.swift */; };
		417200052A3B238400EBA9CC /* SceneDelegate.swift in Sources */ = {isa = PBXBuildFile; fileRef = 417200042A3B238400EBA9CC /* SceneDelegate.swift */; };
		417200072A3B238400EBA9CC /* ViewController.swift in Sources */ = {isa = PBXBuildFile; fileRef = 417200062A3B238400EBA9CC /* ViewController.swift */; };
		4172000A2A3B238400EBA9CC /* Main.storyboard in Resources */ = {isa = PBXBuildFile; fileRef = 417200082A3B238400EBA9CC /* Main.storyboard */; };
		4172000C2A3B238800EBA9CC /* Assets.xcassets in Resources */ = {isa = PBXBuildFile; fileRef = 4172000B2A3B238800EBA9CC /* Assets.xcassets */; };
		4172000F2A3B238800EBA9CC /* LaunchScreen.storyboard in Resources */ = {isa = PBXBuildFile; fileRef = 4172000D2A3B238800EBA9CC /* LaunchScreen.storyboard */; };
		417200172A3B319300EBA9CC /* UIKitViewController.swift in Sources */ = {isa = PBXBuildFile; fileRef = 417200162A3B319300EBA9CC /* UIKitViewController.swift */; };
		417200192A3B3AC900EBA9CC /* SwiftUIView.swift in Sources */ = {isa = PBXBuildFile; fileRef = 417200182A3B3AC900EBA9CC /* SwiftUIView.swift */; };
		4172001B2A3B3C0300EBA9CC /* SwifUIViewController.swift in Sources */ = {isa = PBXBuildFile; fileRef = 4172001A2A3B3C0200EBA9CC /* SwifUIViewController.swift */; };
		4172001D2A3B3EC500EBA9CC /* SwiftUIView2.swift in Sources */ = {isa = PBXBuildFile; fileRef = 4172001C2A3B3EC500EBA9CC /* SwiftUIView2.swift */; };
/* End PBXBuildFile section */

/* Begin PBXFileReference section */
		417200022A3B238400EBA9CC /* AppDelegate.swift */ = {isa = PBXFileReference; lastKnownFileType = sourcecode.swift; path = AppDelegate.swift; sourceTree = "<group>"; };
		417200042A3B238400EBA9CC /* SceneDelegate.swift */ = {isa = PBXFileReference; lastKnownFileType = sourcecode.swift; path = SceneDelegate.swift; sourceTree = "<group>"; };
		417200062A3B238400EBA9CC /* ViewController.swift */ = {isa = PBXFileReference; lastKnownFileType = sourcecode.swift; path = ViewController.swift; sourceTree = "<group>"; };
		417200092A3B238400EBA9CC /* Base */ = {isa = PBXFileReference; lastKnownFileType = file.storyboard; name = Base; path = Base.lproj/Main.storyboard; sourceTree = "<group>"; };
		4172000B2A3B238800EBA9CC /* Assets.xcassets */ = {isa = PBXFileReference; lastKnownFileType = folder.assetcatalog; path = Assets.xcassets; sourceTree = "<group>"; };
		4172000E2A3B238800EBA9CC /* Base */ = {isa = PBXFileReference; lastKnownFileType = file.storyboard; name = Base; path = Base.lproj/LaunchScreen.storyboard; sourceTree = "<group>"; };
		417200102A3B238800EBA9CC /* Info.plist */ = {isa = PBXFileReference; lastKnownFileType = text.plist.xml; path = Info.plist; sourceTree = "<group>"; };
		417200162A3B319300EBA9CC /* UIKitViewController.swift */ = {isa = PBXFileReference; lastKnownFileType = sourcecode.swift; path = UIKitViewController.swift; sourceTree = "<group>"; };
		417200182A3B3AC900EBA9CC /* SwiftUIView.swift */ = {isa = PBXFileReference; lastKnownFileType = sourcecode.swift; path = SwiftUIView.swift; sourceTree = "<group>"; };
		4172001A2A3B3C0200EBA9CC /* SwifUIViewController.swift */ = {isa = PBXFileReference; lastKnownFileType = sourcecode.swift; path = SwifUIViewController.swift; sourceTree = "<group>"; };
		4172001C2A3B3EC500EBA9CC /* SwiftUIView2.swift */ = {isa = PBXFileReference; lastKnownFileType = sourcecode.swift; path = SwiftUIView2.swift; sourceTree = "<group>"; };
		4172FFFF2A3B238400EBA9CC /* StoryboardAndSwiftuiMixing.app */ = {isa = PBXFileReference; explicitFileType = wrapper.application; includeInIndex = 0; path = StoryboardAndSwiftuiMixing.app; sourceTree = BUILT_PRODUCTS_DIR; };
/* End PBXFileReference section */

/* Begin PBXFrameworksBuildPhase section */
		4172FFFC2A3B238400EBA9CC /* Frameworks */ = {
			isa = PBXFrameworksBuildPhase;
			buildActionMask = 2147483647;
			files = (
			);
			runOnlyForDeploymentPostprocessing = 0;
		};
/* End PBXFrameworksBuildPhase section */

/* Begin PBXGroup section */
		417200002A3B238400EBA9CC /* Products */ = {
			isa = PBXGroup;
			children = (
				4172FFFF2A3B238400EBA9CC /* StoryboardAndSwiftuiMixing.app */,
			);
			name = Products;
			sourceTree = "<group>";
		};
		417200012A3B238400EBA9CC /* StoryboardAndSwiftuiMixing */ = {
			isa = PBXGroup;
			children = (
				417200022A3B238400EBA9CC /* AppDelegate.swift */,
				417200042A3B238400EBA9CC /* SceneDelegate.swift */,
				417200062A3B238400EBA9CC /* ViewController.swift */,
				417200082A3B238400EBA9CC /* Main.storyboard */,
				4172000B2A3B238800EBA9CC /* Assets.xcassets */,
				4172000D2A3B238800EBA9CC /* LaunchScreen.storyboard */,
				417200102A3B238800EBA9CC /* Info.plist */,
				417200162A3B319300EBA9CC /* UIKitViewController.swift */,
				417200182A3B3AC900EBA9CC /* SwiftUIView.swift */,
				4172001C2A3B3EC500EBA9CC /* SwiftUIView2.swift */,
				4172001A2A3B3C0200EBA9CC /* SwifUIViewController.swift */,
			);
			path = StoryboardAndSwiftuiMixing;
			sourceTree = "<group>";
		};
		4172FFF62A3B238400EBA9CC = {
			isa = PBXGroup;
			children = (
				417200012A3B238400EBA9CC /* StoryboardAndSwiftuiMixing */,
				417200002A3B238400EBA9CC /* Products */,
			);
			sourceTree = "<group>";
		};
/* End PBXGroup section */

/* Begin PBXNativeTarget section */
		4172FFFE2A3B238400EBA9CC /* StoryboardAndSwiftuiMixing */ = {
			isa = PBXNativeTarget;
			buildConfigurationList = 417200132A3B238800EBA9CC /* Build configuration list for PBXNativeTarget "StoryboardAndSwiftuiMixing" */;
			buildPhases = (
				4172FFFB2A3B238400EBA9CC /* Sources */,
				4172FFFC2A3B238400EBA9CC /* Frameworks */,
				4172FFFD2A3B238400EBA9CC /* Resources */,
			);
			buildRules = (
			);
			dependencies = (
			);
			name = StoryboardAndSwiftuiMixing;
			productName = StoryboardAndSwiftuiMixing;
			productReference = 4172FFFF2A3B238400EBA9CC /* StoryboardAndSwiftuiMixing.app */;
			productType = "com.apple.product-type.application";
		};
/* End PBXNativeTarget section */

/* Begin PBXProject section */
		4172FFF72A3B238400EBA9CC /* Project object */ = {
			isa = PBXProject;
			attributes = {
				BuildIndependentTargetsInParallel = 1;
				LastSwiftUpdateCheck = 1420;
				LastUpgradeCheck = 1420;
				TargetAttributes = {
					4172FFFE2A3B238400EBA9CC = {
						CreatedOnToolsVersion = 14.2;
					};
				};
			};
			buildConfigurationList = 4172FFFA2A3B238400EBA9CC /* Build configuration list for PBXProject "StoryboardAndSwiftuiMixing" */;
			compatibilityVersion = "Xcode 14.0";
			developmentRegion = en;
			hasScannedForEncodings = 0;
			knownRegions = (
				en,
				Base,
			);
			mainGroup = 4172FFF62A3B238400EBA9CC;
			productRefGroup = 417200002A3B238400EBA9CC /* Products */;
			projectDirPath = "";
			projectRoot = "";
			targets = (
				4172FFFE2A3B238400EBA9CC /* StoryboardAndSwiftuiMixing */,
			);
		};
/* End PBXProject section */

/* Begin PBXResourcesBuildPhase section */
		4172FFFD2A3B238400EBA9CC /* Resources */ = {
			isa = PBXResourcesBuildPhase;
			buildActionMask = 2147483647;
			files = (
				4172000F2A3B238800EBA9CC /* LaunchScreen.storyboard in Resources */,
				4172000C2A3B238800EBA9CC /* Assets.xcassets in Resources */,
				4172000A2A3B238400EBA9CC /* Main.storyboard in Resources */,
			);
			runOnlyForDeploymentPostprocessing = 0;
		};
/* End PBXResourcesBuildPhase section */

/* Begin PBXSourcesBuildPhase section */
		4172FFFB2A3B238400EBA9CC /* Sources */ = {
			isa = PBXSourcesBuildPhase;
			buildActionMask = 2147483647;
			files = (
				417200072A3B238400EBA9CC /* ViewController.swift in Sources */,
				417200172A3B319300EBA9CC /* UIKitViewController.swift in Sources */,
				417200032A3B238400EBA9CC /* AppDelegate.swift in Sources */,
				4172001B2A3B3C0300EBA9CC /* SwifUIViewController.swift in Sources */,
				4172001D2A3B3EC500EBA9CC /* SwiftUIView2.swift in Sources */,
				417200052A3B238400EBA9CC /* SceneDelegate.swift in Sources */,
				417200192A3B3AC900EBA9CC /* SwiftUIView.swift in Sources */,
			);
			runOnlyForDeploymentPostprocessing = 0;
		};
/* End PBXSourcesBuildPhase section */

/* Begin PBXVariantGroup section */
		417200082A3B238400EBA9CC /* Main.storyboard */ = {
			isa = PBXVariantGroup;
			children = (
				417200092A3B238400EBA9CC /* Base */,
			);
			name = Main.storyboard;
			sourceTree = "<group>";
		};
		4172000D2A3B238800EBA9CC /* LaunchScreen.storyboard */ = {
			isa = PBXVariantGroup;
			children = (
				4172000E2A3B238800EBA9CC /* Base */,
			);
			name = LaunchScreen.storyboard;
			sourceTree = "<group>";
		};
/* End PBXVariantGroup section */

/* Begin XCBuildConfiguration section */
		417200112A3B238800EBA9CC /* Debug */ = {
			isa = XCBuildConfiguration;
			buildSettings = {
				ALWAYS_SEARCH_USER_PATHS = NO;
				CLANG_ANALYZER_NONNULL = YES;
				CLANG_ANALYZER_NUMBER_OBJECT_CONVERSION = YES_AGGRESSIVE;
				CLANG_CXX_LANGUAGE_STANDARD = "gnu++20";
				CLANG_ENABLE_MODULES = YES;
				CLANG_ENABLE_OBJC_ARC = YES;
				CLANG_ENABLE_OBJC_WEAK = YES;
				CLANG_WARN_BLOCK_CAPTURE_AUTORELEASING = YES;
				CLANG_WARN_BOOL_CONVERSION = YES;
				CLANG_WARN_COMMA = YES;
				CLANG_WARN_CONSTANT_CONVERSION = YES;
				CLANG_WARN_DEPRECATED_OBJC_IMPLEMENTATIONS = YES;
				CLANG_WARN_DIRECT_OBJC_ISA_USAGE = YES_ERROR;
				CLANG_WARN_DOCUMENTATION_COMMENTS = YES;
				CLANG_WARN_EMPTY_BODY = YES;
				CLANG_WARN_ENUM_CONVERSION = YES;
				CLANG_WARN_INFINITE_RECURSION = YES;
				CLANG_WARN_INT_CONVERSION = YES;
				CLANG_WARN_NON_LITERAL_NULL_CONVERSION = YES;
				CLANG_WARN_OBJC_IMPLICIT_RETAIN_SELF = YES;
				CLANG_WARN_OBJC_LITERAL_CONVERSION = YES;
				CLANG_WARN_OBJC_ROOT_CLASS = YES_ERROR;
				CLANG_WARN_QUOTED_INCLUDE_IN_FRAMEWORK_HEADER = YES;
				CLANG_WARN_RANGE_LOOP_ANALYSIS = YES;
				CLANG_WARN_STRICT_PROTOTYPES = YES;
				CLANG_WARN_SUSPICIOUS_MOVE = YES;
				CLANG_WARN_UNGUARDED_AVAILABILITY = YES_AGGRESSIVE;
				CLANG_WARN_UNREACHABLE_CODE = YES;
				CLANG_WARN__DUPLICATE_METHOD_MATCH = YES;
				COPY_PHASE_STRIP = NO;
				DEBUG_INFORMATION_FORMAT = dwarf;
				ENABLE_STRICT_OBJC_MSGSEND = YES;
				ENABLE_TESTABILITY = YES;
				GCC_C_LANGUAGE_STANDARD = gnu11;
				GCC_DYNAMIC_NO_PIC = NO;
				GCC_NO_COMMON_BLOCKS = YES;
				GCC_OPTIMIZATION_LEVEL = 0;
				GCC_PREPROCESSOR_DEFINITIONS = (
					"DEBUG=1",
					"$(inherited)",
				);
				GCC_WARN_64_TO_32_BIT_CONVERSION = YES;
				GCC_WARN_ABOUT_RETURN_TYPE = YES_ERROR;
				GCC_WARN_UNDECLARED_SELECTOR = YES;
				GCC_WARN_UNINITIALIZED_AUTOS = YES_AGGRESSIVE;
				GCC_WARN_UNUSED_FUNCTION = YES;
				GCC_WARN_UNUSED_VARIABLE = YES;
				IPHONEOS_DEPLOYMENT_TARGET = 16.2;
				MTL_ENABLE_DEBUG_INFO = INCLUDE_SOURCE;
				MTL_FAST_MATH = YES;
				ONLY_ACTIVE_ARCH = YES;
				SDKROOT = iphoneos;
				SWIFT_ACTIVE_COMPILATION_CONDITIONS = DEBUG;
				SWIFT_OPTIMIZATION_LEVEL = "-Onone";
			};
			name = Debug;
		};
		417200122A3B238800EBA9CC /* Release */ = {
			isa = XCBuildConfiguration;
			buildSettings = {
				ALWAYS_SEARCH_USER_PATHS = NO;
				CLANG_ANALYZER_NONNULL = YES;
				CLANG_ANALYZER_NUMBER_OBJECT_CONVERSION = YES_AGGRESSIVE;
				CLANG_CXX_LANGUAGE_STANDARD = "gnu++20";
				CLANG_ENABLE_MODULES = YES;
				CLANG_ENABLE_OBJC_ARC = YES;
				CLANG_ENABLE_OBJC_WEAK = YES;
				CLANG_WARN_BLOCK_CAPTURE_AUTORELEASING = YES;
				CLANG_WARN_BOOL_CONVERSION = YES;
				CLANG_WARN_COMMA = YES;
				CLANG_WARN_CONSTANT_CONVERSION = YES;
				CLANG_WARN_DEPRECATED_OBJC_IMPLEMENTATIONS = YES;
				CLANG_WARN_DIRECT_OBJC_ISA_USAGE = YES_ERROR;
				CLANG_WARN_DOCUMENTATION_COMMENTS = YES;
				CLANG_WARN_EMPTY_BODY = YES;
				CLANG_WARN_ENUM_CONVERSION = YES;
				CLANG_WARN_INFINITE_RECURSION = YES;
				CLANG_WARN_INT_CONVERSION = YES;
				CLANG_WARN_NON_LITERAL_NULL_CONVERSION = YES;
				CLANG_WARN_OBJC_IMPLICIT_RETAIN_SELF = YES;
				CLANG_WARN_OBJC_LITERAL_CONVERSION = YES;
				CLANG_WARN_OBJC_ROOT_CLASS = YES_ERROR;
				CLANG_WARN_QUOTED_INCLUDE_IN_FRAMEWORK_HEADER = YES;
				CLANG_WARN_RANGE_LOOP_ANALYSIS = YES;
				CLANG_WARN_STRICT_PROTOTYPES = YES;
				CLANG_WARN_SUSPICIOUS_MOVE = YES;
				CLANG_WARN_UNGUARDED_AVAILABILITY = YES_AGGRESSIVE;
				CLANG_WARN_UNREACHABLE_CODE = YES;
				CLANG_WARN__DUPLICATE_METHOD_MATCH = YES;
				COPY_PHASE_STRIP = NO;
				DEBUG_INFORMATION_FORMAT = "dwarf-with-dsym";
				ENABLE_NS_ASSERTIONS = NO;
				ENABLE_STRICT_OBJC_MSGSEND = YES;
				GCC_C_LANGUAGE_STANDARD = gnu11;
				GCC_NO_COMMON_BLOCKS = YES;
				GCC_WARN_64_TO_32_BIT_CONVERSION = YES;
				GCC_WARN_ABOUT_RETURN_TYPE = YES_ERROR;
				GCC_WARN_UNDECLARED_SELECTOR = YES;
				GCC_WARN_UNINITIALIZED_AUTOS = YES_AGGRESSIVE;
				GCC_WARN_UNUSED_FUNCTION = YES;
				GCC_WARN_UNUSED_VARIABLE = YES;
				IPHONEOS_DEPLOYMENT_TARGET = 16.2;
				MTL_ENABLE_DEBUG_INFO = NO;
				MTL_FAST_MATH = YES;
				SDKROOT = iphoneos;
				SWIFT_COMPILATION_MODE = wholemodule;
				SWIFT_OPTIMIZATION_LEVEL = "-O";
				VALIDATE_PRODUCT = YES;
			};
			name = Release;
		};
		417200142A3B238800EBA9CC /* Debug */ = {
			isa = XCBuildConfiguration;
			buildSettings = {
				ASSETCATALOG_COMPILER_APPICON_NAME = AppIcon;
				ASSETCATALOG_COMPILER_GLOBAL_ACCENT_COLOR_NAME = AccentColor;
				CODE_SIGN_STYLE = Automatic;
				CURRENT_PROJECT_VERSION = 1;
				DEVELOPMENT_TEAM = 9RNHKLVM64;
				GENERATE_INFOPLIST_FILE = YES;
				INFOPLIST_FILE = StoryboardAndSwiftuiMixing/Info.plist;
				INFOPLIST_KEY_UIApplicationSupportsIndirectInputEvents = YES;
				INFOPLIST_KEY_UILaunchStoryboardName = LaunchScreen;
				INFOPLIST_KEY_UIMainStoryboardFile = Main;
				INFOPLIST_KEY_UISupportedInterfaceOrientations_iPad = "UIInterfaceOrientationPortrait UIInterfaceOrientationPortraitUpsideDown UIInterfaceOrientationLandscapeLeft UIInterfaceOrientationLandscapeRight";
				INFOPLIST_KEY_UISupportedInterfaceOrientations_iPhone = "UIInterfaceOrientationPortrait UIInterfaceOrientationLandscapeLeft UIInterfaceOrientationLandscapeRight";
				LD_RUNPATH_SEARCH_PATHS = (
					"$(inherited)",
					"@executable_path/Frameworks",
				);
				MARKETING_VERSION = 1.0;
				PRODUCT_BUNDLE_IDENTIFIER = "Adarsh-Ranjan.StoryboardAndSwiftuiMixing";
				PRODUCT_NAME = "$(TARGET_NAME)";
				SWIFT_EMIT_LOC_STRINGS = YES;
				SWIFT_VERSION = 5.0;
				TARGETED_DEVICE_FAMILY = "1,2";
			};
			name = Debug;
		};
		417200152A3B238800EBA9CC /* Release */ = {
			isa = XCBuildConfiguration;
			buildSettings = {
				ASSETCATALOG_COMPILER_APPICON_NAME = AppIcon;
				ASSETCATALOG_COMPILER_GLOBAL_ACCENT_COLOR_NAME = AccentColor;
				CODE_SIGN_STYLE = Automatic;
				CURRENT_PROJECT_VERSION = 1;
				DEVELOPMENT_TEAM = 9RNHKLVM64;
				GENERATE_INFOPLIST_FILE = YES;
				INFOPLIST_FILE = StoryboardAndSwiftuiMixing/Info.plist;
				INFOPLIST_KEY_UIApplicationSupportsIndirectInputEvents = YES;
				INFOPLIST_KEY_UILaunchStoryboardName = LaunchScreen;
				INFOPLIST_KEY_UIMainStoryboardFile = Main;
				INFOPLIST_KEY_UISupportedInterfaceOrientations_iPad = "UIInterfaceOrientationPortrait UIInterfaceOrientationPortraitUpsideDown UIInterfaceOrientationLandscapeLeft UIInterfaceOrientationLandscapeRight";
				INFOPLIST_KEY_UISupportedInterfaceOrientations_iPhone = "UIInterfaceOrientationPortrait UIInterfaceOrientationLandscapeLeft UIInterfaceOrientationLandscapeRight";
				LD_RUNPATH_SEARCH_PATHS = (
					"$(inherited)",
					"@executable_path/Frameworks",
				);
				MARKETING_VERSION = 1.0;
				PRODUCT_BUNDLE_IDENTIFIER = "Adarsh-Ranjan.StoryboardAndSwiftuiMixing";
				PRODUCT_NAME = "$(TARGET_NAME)";
				SWIFT_EMIT_LOC_STRINGS = YES;
				SWIFT_VERSION = 5.0;
				TARGETED_DEVICE_FAMILY = "1,2";
			};
			name = Release;
		};
/* End XCBuildConfiguration section */

/* Begin XCConfigurationList section */
		417200132A3B238800EBA9CC /* Build configuration list for PBXNativeTarget "StoryboardAndSwiftuiMixing" */ = {
			isa = XCConfigurationList;
			buildConfigurations = (
				417200142A3B238800EBA9CC /* Debug */,
				417200152A3B238800EBA9CC /* Release */,
			);
			defaultConfigurationIsVisible = 0;
			defaultConfigurationName = Release;
		};
		4172FFFA2A3B238400EBA9CC /* Build configuration list for PBXProject "StoryboardAndSwiftuiMixing" */ = {
			isa = XCConfigurationList;
			buildConfigurations = (
				417200112A3B238800EBA9CC /* Debug */,
				417200122A3B238800EBA9CC /* Release */,
			);
			defaultConfigurationIsVisible = 0;
			defaultConfigurationName = Release;
		};
/* End XCConfigurationList section */
	};
	rootObject = 4172FFF72A3B238400EBA9CC /* Project object */;
}
